
Microsoft Visual Studio Solution File, Format Version 12.00
# Visual Studio Version 17
VisualStudioVersion = 17.2.32516.85
MinimumVisualStudioVersion = 10.0.40219.1
Project("{FAE04EC0-301F-11D3-BF4B-00C04F79EFBC}") = "OnlinePizzaThirstSatisfied", "OnlinePizzaThirstSatisfied\OnlinePizzaThirstSatisfied.csproj", "{9F648EC5-9C33-47E0-956D-46048C104E9B}"
EndProject
Global
	GlobalSection(SolutionConfigurationPlatforms) = preSolution
		Debug|Any CPU = Debug|Any CPU
		Release|Any CPU = Release|Any CPU
	EndGlobalSection
	GlobalSection(ProjectConfigurationPlatforms) = postSolution
		{9F648EC5-9C33-47E0-956D-46048C104E9B}.Debug|Any CPU.ActiveCfg = Debug|Any CPU
		{9F648EC5-9C33-47E0-956D-46048C104E9B}.Debug|Any CPU.Build.0 = Debug|Any CPU
		{9F648EC5-9C33-47E0-956D-46048C104E9B}.Release|Any CPU.ActiveCfg = Release|Any CPU
		{9F648EC5-9C33-47E0-956D-46048C104E9B}.Release|Any CPU.Build.0 = Release|Any CPU
	EndGlobalSection
	GlobalSection(SolutionProperties) = preSolution
		HideSolutionNode = FALSE
	EndGlobalSection
	GlobalSection(ExtensibilityGlobals) = postSolution
		SolutionGuid = {46F3F416-C2D3-4029-AF48-EAC4BC448FA3}
	EndGlobalSection
EndGlobal
